
Microsoft Visual Studio Solution File, Format Version 12.00
# Visual Studio Version 16
VisualStudioVersion = 16.0.30011.22
MinimumVisualStudioVersion = 10.0.40219.1
Project("{FAE04EC0-301F-11D3-BF4B-00C04F79EFBC}") = "PineAPI", "PineAPI\PineAPI.csproj", "{6B13513A-73F7-4DB0-A395-E88266D08710}"
EndProject
Project("{FAE04EC0-301F-11D3-BF4B-00C04F79EFBC}") = "Tester", "Tester\Tester.csproj", "{B28B555F-87A7-4B9B-BDCA-BB2024EE3B1E}"
EndProject
Global
	GlobalSection(SolutionConfigurationPlatforms) = preSolution
		Debug|Any CPU = Debug|Any CPU
		Release|Any CPU = Release|Any CPU
	EndGlobalSection
	GlobalSection(ProjectConfigurationPlatforms) = postSolution
		{6B13513A-73F7-4DB0-A395-E88266D08710}.Debug|Any CPU.ActiveCfg = Debug|Any CPU
		{6B13513A-73F7-4DB0-A395-E88266D08710}.Debug|Any CPU.Build.0 = Debug|Any CPU
		{6B13513A-73F7-4DB0-A395-E88266D08710}.Release|Any CPU.ActiveCfg = Release|Any CPU
		{6B13513A-73F7-4DB0-A395-E88266D08710}.Release|Any CPU.Build.0 = Release|Any CPU
		{B28B555F-87A7-4B9B-BDCA-BB2024EE3B1E}.Debug|Any CPU.ActiveCfg = Debug|Any CPU
		{B28B555F-87A7-4B9B-BDCA-BB2024EE3B1E}.Debug|Any CPU.Build.0 = Debug|Any CPU
		{B28B555F-87A7-4B9B-BDCA-BB2024EE3B1E}.Release|Any CPU.ActiveCfg = Release|Any CPU
		{B28B555F-87A7-4B9B-BDCA-BB2024EE3B1E}.Release|Any CPU.Build.0 = Release|Any CPU
	EndGlobalSection
	GlobalSection(SolutionProperties) = preSolution
		HideSolutionNode = FALSE
	EndGlobalSection
	GlobalSection(ExtensibilityGlobals) = postSolution
		SolutionGuid = {4925F17B-F83A-467C-9282-E82FB706A673}
	EndGlobalSection
EndGlobal
